{
  "pins" : [
    {
      "identity" : "swift-filestreamer",
      "kind" : "remoteSourceControl",
      "location" : "https://github.com/sersoft-gmbh/swift-filestreamer.git",
      "state" : {
        "revision" : "25b7912d44022e29d1dc53b258fb4fdf7244dd74",
        "version" : "0.4.0"
      }
    },
    {
      "identity" : "swift-system",
      "kind" : "remoteSourceControl",
      "location" : "https://github.com/apple/swift-system.git",
      "state" : {
        "revision" : "836bc4557b74fe6d2660218d56e3ce96aff76574",
        "version" : "1.1.1"
      }
    }
  ],
  "version" : 2
}
